
Microsoft Visual Studio Solution File, Format Version 12.00
# Visual Studio Version 16
VisualStudioVersion = 16.0.30114.105
MinimumVisualStudioVersion = 10.0.40219.1
Project("{FAE04EC0-301F-11D3-BF4B-00C04F79EFBC}") = "MyApp", "MyApp\MyApp.csproj", "{90C90EC7-3978-4A63-A76F-4F16A1928DE2}"
EndProject
Project("{FAE04EC0-301F-11D3-BF4B-00C04F79EFBC}") = "MyApp.Tests", "MyApp.Tests\MyApp.Tests.csproj", "{EFAACF5E-5649-4215-8C51-C83EA710E139}"
EndProject
Global
	GlobalSection(SolutionConfigurationPlatforms) = preSolution
		Debug|Any CPU = Debug|Any CPU
		Release|Any CPU = Release|Any CPU
	EndGlobalSection
	GlobalSection(SolutionProperties) = preSolution
		HideSolutionNode = FALSE
	EndGlobalSection
	GlobalSection(ProjectConfigurationPlatforms) = postSolution
		{90C90EC7-3978-4A63-A76F-4F16A1928DE2}.Debug|Any CPU.ActiveCfg = Debug|Any CPU
		{90C90EC7-3978-4A63-A76F-4F16A1928DE2}.Debug|Any CPU.Build.0 = Debug|Any CPU
		{90C90EC7-3978-4A63-A76F-4F16A1928DE2}.Release|Any CPU.ActiveCfg = Release|Any CPU
		{90C90EC7-3978-4A63-A76F-4F16A1928DE2}.Release|Any CPU.Build.0 = Release|Any CPU
		{EFAACF5E-5649-4215-8C51-C83EA710E139}.Debug|Any CPU.ActiveCfg = Debug|Any CPU
		{EFAACF5E-5649-4215-8C51-C83EA710E139}.Debug|Any CPU.Build.0 = Debug|Any CPU
		{EFAACF5E-5649-4215-8C51-C83EA710E139}.Release|Any CPU.ActiveCfg = Release|Any CPU
		{EFAACF5E-5649-4215-8C51-C83EA710E139}.Release|Any CPU.Build.0 = Release|Any CPU
	EndGlobalSection
EndGlobal
